Microsoft Visual Studio Solution File, Format Version 12.00
# Visual Studio Version 17
VisualStudioVersion = 17.5.2.0
MinimumVisualStudioVersion = 10.0.40219.1
Project("{FAE04EC0-301F-11D3-BF4B-00C04F79EFBC}") = "Eurekabank_Cliente_Consola_Unificado", "Eurekabank_Cliente_Consola_Unificado.csproj", "{DE8D5C37-5442-120A-CABF-BB74C24BEB4E}"
EndProject
Global
	GlobalSection(SolutionConfigurationPlatforms) = preSolution
		Debug|Any CPU = Debug|Any CPU
		Release|Any CPU = Release|Any CPU
	EndGlobalSection
	GlobalSection(ProjectConfigurationPlatforms) = postSolution
		{DE8D5C37-5442-120A-CABF-BB74C24BEB4E}.Debug|Any CPU.ActiveCfg = Debug|Any CPU
		{DE8D5C37-5442-120A-CABF-BB74C24BEB4E}.Debug|Any CPU.Build.0 = Debug|Any CPU
		{DE8D5C37-5442-120A-CABF-BB74C24BEB4E}.Release|Any CPU.ActiveCfg = Release|Any CPU
		{DE8D5C37-5442-120A-CABF-BB74C24BEB4E}.Release|Any CPU.Build.0 = Release|Any CPU
	EndGlobalSection
	GlobalSection(SolutionProperties) = preSolution
		HideSolutionNode = FALSE
	EndGlobalSection
	GlobalSection(ExtensibilityGlobals) = postSolution
		SolutionGuid = {DADB4F63-C755-419F-A983-83C23FCA40BF}
	EndGlobalSection
EndGlobal
