
Microsoft Visual Studio Solution File, Format Version 12.00
# Visual Studio Version 17
VisualStudioVersion = 17.14.36616.10 d17.14
MinimumVisualStudioVersion = 10.0.40219.1
Project("{FAE04EC0-301F-11D3-BF4B-00C04F79EFBC}") = "Eurekabank_Restfull_Dotnet", "Eurekabank_Restfull_Dotnet\Eurekabank_Restfull_Dotnet.csproj", "{312A9F3E-7928-495F-A9DE-B65F2B93A601}"
EndProject
Global
	GlobalSection(SolutionConfigurationPlatforms) = preSolution
		Debug|Any CPU = Debug|Any CPU
		Release|Any CPU = Release|Any CPU
	EndGlobalSection
	GlobalSection(ProjectConfigurationPlatforms) = postSolution
		{312A9F3E-7928-495F-A9DE-B65F2B93A601}.Debug|Any CPU.ActiveCfg = Debug|Any CPU
		{312A9F3E-7928-495F-A9DE-B65F2B93A601}.Debug|Any CPU.Build.0 = Debug|Any CPU
		{312A9F3E-7928-495F-A9DE-B65F2B93A601}.Release|Any CPU.ActiveCfg = Release|Any CPU
		{312A9F3E-7928-495F-A9DE-B65F2B93A601}.Release|Any CPU.Build.0 = Release|Any CPU
	EndGlobalSection
	GlobalSection(SolutionProperties) = preSolution
		HideSolutionNode = FALSE
	EndGlobalSection
	GlobalSection(ExtensibilityGlobals) = postSolution
		SolutionGuid = {586C1ACF-0F5A-4BCC-A4C8-36DFB3FB4ADB}
	EndGlobalSection
EndGlobal
